
Microsoft Visual Studio Solution File, Format Version 12.00
# Visual Studio Version 16
VisualStudioVersion = 16.0.29326.143
MinimumVisualStudioVersion = 10.0.40219.1
Project("{9A19103F-16F7-4668-BE54-9A1E7A4F7556}") = "LinkedDataFragments.Tests", "LinkedDataFragments.Tests\LinkedDataFragments.Tests.csproj", "{A976339E-6008-4414-8B02-7640DA8EAF69}"
EndProject
Project("{9A19103F-16F7-4668-BE54-9A1E7A4F7556}") = "LinkedDataFragments.CLI", "LinkedDataFragments.CLI\LinkedDataFragments.CLI.csproj", "{C4A75B0D-77CD-4F6C-9846-B2445BB8A5B7}"
EndProject
Project("{9A19103F-16F7-4668-BE54-9A1E7A4F7556}") = "LinkedDataFragments", "LinkedDataFragments\LinkedDataFragments.csproj", "{4947BFF5-5614-4DA6-804C-044004D43E4D}"
EndProject
Global
	GlobalSection(SolutionConfigurationPlatforms) = preSolution
		Debug|Any CPU = Debug|Any CPU
		Release|Any CPU = Release|Any CPU
	EndGlobalSection
	GlobalSection(ProjectConfigurationPlatforms) = postSolution
		{A976339E-6008-4414-8B02-7640DA8EAF69}.Debug|Any CPU.ActiveCfg = Debug|Any CPU
		{A976339E-6008-4414-8B02-7640DA8EAF69}.Debug|Any CPU.Build.0 = Debug|Any CPU
		{A976339E-6008-4414-8B02-7640DA8EAF69}.Release|Any CPU.ActiveCfg = Release|Any CPU
		{A976339E-6008-4414-8B02-7640DA8EAF69}.Release|Any CPU.Build.0 = Release|Any CPU
		{C4A75B0D-77CD-4F6C-9846-B2445BB8A5B7}.Debug|Any CPU.ActiveCfg = Debug|Any CPU
		{C4A75B0D-77CD-4F6C-9846-B2445BB8A5B7}.Debug|Any CPU.Build.0 = Debug|Any CPU
		{C4A75B0D-77CD-4F6C-9846-B2445BB8A5B7}.Release|Any CPU.ActiveCfg = Release|Any CPU
		{C4A75B0D-77CD-4F6C-9846-B2445BB8A5B7}.Release|Any CPU.Build.0 = Release|Any CPU
		{4947BFF5-5614-4DA6-804C-044004D43E4D}.Debug|Any CPU.ActiveCfg = Debug|Any CPU
		{4947BFF5-5614-4DA6-804C-044004D43E4D}.Debug|Any CPU.Build.0 = Debug|Any CPU
		{4947BFF5-5614-4DA6-804C-044004D43E4D}.Release|Any CPU.ActiveCfg = Release|Any CPU
		{4947BFF5-5614-4DA6-804C-044004D43E4D}.Release|Any CPU.Build.0 = Release|Any CPU
	EndGlobalSection
	GlobalSection(SolutionProperties) = preSolution
		HideSolutionNode = FALSE
	EndGlobalSection
	GlobalSection(ExtensibilityGlobals) = postSolution
		SolutionGuid = {6D795829-5695-40A2-8F03-D11A0CE39580}
	EndGlobalSection
EndGlobal
